
Microsoft Visual Studio Solution File, Format Version 12.00
# Visual Studio Version 17
VisualStudioVersion = 17.14.36717.8
MinimumVisualStudioVersion = 10.0.40219.1
Project("{2150E333-8FDC-42A3-9474-1A3956D46DE8}") = "Task0", "Task0", "{02EA681E-C7D8-13C7-8484-4AC65E1B71E8}"
EndProject
Project("{FAE04EC0-301F-11D3-BF4B-00C04F79EFBC}") = "Tyuiu.AlekseevaVA.Sprint6.Task0.V23.Lib", "Tyuiu.AlekseevaVA.Sprint6.Task0.V23.Lib\Tyuiu.AlekseevaVA.Sprint6.Task0.V23.Lib.csproj", "{C6C475E1-6F81-4C97-979E-F33C6FAD3CF6}"
EndProject
Project("{FAE04EC0-301F-11D3-BF4B-00C04F79EFBC}") = "Tyuiu.AlekseevaVA.Sprint6.Task0.V23.Test", "Tyuiu.AlekseevaVA.Sprint6.Task0.V23.Test\Tyuiu.AlekseevaVA.Sprint6.Task0.V23.Test.csproj", "{1515C62C-AE5C-42C8-B9E9-C7E86F89644C}"
EndProject
Project("{FAE04EC0-301F-11D3-BF4B-00C04F79EFBC}") = "Tyuiu.AlekseevaVA.Sprint6.Task0.V23", "Tyuiu.AlekseevaVA.Sprint6.Task0.V23\Tyuiu.AlekseevaVA.Sprint6.Task0.V23.csproj", "{66FEF254-DEDE-4521-948A-6C0B63932531}"
EndProject
Project("{2150E333-8FDC-42A3-9474-1A3956D46DE8}") = "Task1", "Task1", "{6CAB492D-2CE4-46F1-A94C-0221C48505EB}"
EndProject
Project("{FAE04EC0-301F-11D3-BF4B-00C04F79EFBC}") = "Tyuiu.AlekseevaVA.Sprint6.Task1.V8.Lib", "Tyuiu.AlekseevaVA.Sprint6.Task1.V8.Lib\Tyuiu.AlekseevaVA.Sprint6.Task1.V8.Lib.csproj", "{26226698-AD69-44C0-9DA2-1C75128BAF0E}"
EndProject
Project("{FAE04EC0-301F-11D3-BF4B-00C04F79EFBC}") = "Tyuiu.AlekseevaVA.Sprint6.Task1.V8.Test", "Tyuiu.AlekseevaVA.Sprint6.Task1.V8.Test\Tyuiu.AlekseevaVA.Sprint6.Task1.V8.Test.csproj", "{036926AC-D20F-44B9-ADD3-A0324B86931E}"
EndProject
Project("{FAE04EC0-301F-11D3-BF4B-00C04F79EFBC}") = "Tyuiu.AlekseevaVA.Sprint6.Task1.V8", "Tyuiu.AlekseevaVA.Sprint6.Task1.V8\Tyuiu.AlekseevaVA.Sprint6.Task1.V8.csproj", "{882A1A91-A70F-416B-AB20-21A93A869292}"
EndProject
Project("{2150E333-8FDC-42A3-9474-1A3956D46DE8}") = "Task2", "Task2", "{95FF07EA-A308-4F2F-BF10-DFD7022F665A}"
EndProject
Project("{FAE04EC0-301F-11D3-BF4B-00C04F79EFBC}") = "Tyuiu.AlekseevaVA.Sprint6.Task2.V6.Lib", "Tyuiu.AlekseevaVA.Sprint6.Task2.V6.Lib\Tyuiu.AlekseevaVA.Sprint6.Task2.V6.Lib.csproj", "{B56030F0-513C-4673-816B-CBB4E0DA1B4E}"
EndProject
Project("{FAE04EC0-301F-11D3-BF4B-00C04F79EFBC}") = "Tyuiu.AlekseevaVA.Sprint6.Task2.V6.Test", "Tyuiu.AlekseevaVA.Sprint6.Task2.V6.Test\Tyuiu.AlekseevaVA.Sprint6.Task2.V6.Test.csproj", "{5FF442B8-071E-4459-8BFC-AEE46690F191}"
EndProject
Project("{FAE04EC0-301F-11D3-BF4B-00C04F79EFBC}") = "Tyuiu.AlekseevaVA.Sprint6.Task2.V6", "Tyuiu.AlekseevaVA.Sprint6.Task2.V6\Tyuiu.AlekseevaVA.Sprint6.Task2.V6.csproj", "{3C4D4727-B6F3-41EA-802A-3FF6D94E2CCF}"
EndProject
Project("{2150E333-8FDC-42A3-9474-1A3956D46DE8}") = "Task3", "Task3", "{75CE7856-B038-4977-874D-307214DFD7FA}"
EndProject
Project("{FAE04EC0-301F-11D3-BF4B-00C04F79EFBC}") = "Tyuiu.AlekseevaVA.Sprint6.Task3.V17.Lib", "Tyuiu.AlekseevaVA.Sprint6.Task3.V17.Lib\Tyuiu.AlekseevaVA.Sprint6.Task3.V17.Lib.csproj", "{FB8E4F1F-BBBB-4C5C-9C37-78A603C103C6}"
EndProject
Project("{FAE04EC0-301F-11D3-BF4B-00C04F79EFBC}") = "Tyuiu.AlekseevaVA.Sprint6.Task3.V17.Test", "Tyuiu.AlekseevaVA.Sprint6.Task3.V17.Test\Tyuiu.AlekseevaVA.Sprint6.Task3.V17.Test.csproj", "{F9F4E4E8-7423-4ECE-AA3D-712F7995044D}"
EndProject
Project("{FAE04EC0-301F-11D3-BF4B-00C04F79EFBC}") = "Tyuiu.AlekseevaVA.Sprint6.Task3.V17", "Tyuiu.AlekseevaVA.Sprint6.Task3.V17\Tyuiu.AlekseevaVA.Sprint6.Task3.V17.csproj", "{95DBECBD-9DD0-4180-9CA5-7EC3C5EE9183}"
EndProject
Project("{2150E333-8FDC-42A3-9474-1A3956D46DE8}") = "Task4", "Task4", "{635F628D-4A01-4E30-BB5B-BDB0EE0B9B08}"
EndProject
Project("{FAE04EC0-301F-11D3-BF4B-00C04F79EFBC}") = "Tyuiu.AlekseevaVA.Sprint6.Task4.V7.Lib", "Tyuiu.AlekseevaVA.Sprint6.Task4.V7.Lib\Tyuiu.AlekseevaVA.Sprint6.Task4.V7.Lib.csproj", "{A9147F3B-5ECB-4C19-BF63-C44E39DA7A62}"
EndProject
Project("{FAE04EC0-301F-11D3-BF4B-00C04F79EFBC}") = "Tyuiu.AlekseevaVA.Sprint6.Task4.V7.Test", "Tyuiu.AlekseevaVA.Sprint6.Task4.V7.Test\Tyuiu.AlekseevaVA.Sprint6.Task4.V7.Test.csproj", "{33F32E03-BC20-4C28-9EEA-A3EF17C0C2F8}"
EndProject
Project("{FAE04EC0-301F-11D3-BF4B-00C04F79EFBC}") = "Tyuiu.AlekseevaVA.Sprint6.Task4.V7", "Tyuiu.AlekseevaVA.Sprint6.Task4.V7\Tyuiu.AlekseevaVA.Sprint6.Task4.V7.csproj", "{FDD56B7C-372F-4273-9C2A-21B46EA9768C}"
EndProject
Project("{2150E333-8FDC-42A3-9474-1A3956D46DE8}") = "Task5", "Task5", "{45AAE8C3-0343-476A-ABE9-78E6B40FC73A}"
EndProject
Project("{FAE04EC0-301F-11D3-BF4B-00C04F79EFBC}") = "Tyuiu.AlekseevaVA.Sprint6.Task5.V27.Lib", "Tyuiu.AlekseevaVA.Sprint6.Task5.V27.Lib\Tyuiu.AlekseevaVA.Sprint6.Task5.V27.Lib.csproj", "{CAA6E85A-AC3B-468E-8EBF-F03795CB05B8}"
EndProject
Project("{FAE04EC0-301F-11D3-BF4B-00C04F79EFBC}") = "Tyuiu.AlekseevaVA.Sprint6.Task5.V27.Test", "Tyuiu.AlekseevaVA.Sprint6.Task5.V27.Test\Tyuiu.AlekseevaVA.Sprint6.Task5.V27.Test.csproj", "{42067A2F-BDA9-4A52-B590-4E0CA984E0A7}"
EndProject
Project("{FAE04EC0-301F-11D3-BF4B-00C04F79EFBC}") = "Tyuiu.AlekseevaVA.Sprint6.Task5.V27", "Tyuiu.AlekseevaVA.Sprint6.Task5.V27\Tyuiu.AlekseevaVA.Sprint6.Task5.V27.csproj", "{5ADBB654-14B0-4363-820F-645D633BB89A}"
EndProject
Global
	GlobalSection(SolutionConfigurationPlatforms) = preSolution
		Debug|Any CPU = Debug|Any CPU
		Release|Any CPU = Release|Any CPU
	EndGlobalSection
	GlobalSection(ProjectConfigurationPlatforms) = postSolution
		{C6C475E1-6F81-4C97-979E-F33C6FAD3CF6}.Debug|Any CPU.ActiveCfg = Debug|Any CPU
		{C6C475E1-6F81-4C97-979E-F33C6FAD3CF6}.Debug|Any CPU.Build.0 = Debug|Any CPU
		{C6C475E1-6F81-4C97-979E-F33C6FAD3CF6}.Release|Any CPU.ActiveCfg = Release|Any CPU
		{C6C475E1-6F81-4C97-979E-F33C6FAD3CF6}.Release|Any CPU.Build.0 = Release|Any CPU
		{1515C62C-AE5C-42C8-B9E9-C7E86F89644C}.Debug|Any CPU.ActiveCfg = Debug|Any CPU
		{1515C62C-AE5C-42C8-B9E9-C7E86F89644C}.Debug|Any CPU.Build.0 = Debug|Any CPU
		{1515C62C-AE5C-42C8-B9E9-C7E86F89644C}.Release|Any CPU.ActiveCfg = Release|Any CPU
		{1515C62C-AE5C-42C8-B9E9-C7E86F89644C}.Release|Any CPU.Build.0 = Release|Any CPU
		{66FEF254-DEDE-4521-948A-6C0B63932531}.Debug|Any CPU.ActiveCfg = Debug|Any CPU
		{66FEF254-DEDE-4521-948A-6C0B63932531}.Debug|Any CPU.Build.0 = Debug|Any CPU
		{66FEF254-DEDE-4521-948A-6C0B63932531}.Release|Any CPU.ActiveCfg = Release|Any CPU
		{66FEF254-DEDE-4521-948A-6C0B63932531}.Release|Any CPU.Build.0 = Release|Any CPU
		{26226698-AD69-44C0-9DA2-1C75128BAF0E}.Debug|Any CPU.ActiveCfg = Debug|Any CPU
		{26226698-AD69-44C0-9DA2-1C75128BAF0E}.Debug|Any CPU.Build.0 = Debug|Any CPU
		{26226698-AD69-44C0-9DA2-1C75128BAF0E}.Release|Any CPU.ActiveCfg = Release|Any CPU
		{26226698-AD69-44C0-9DA2-1C75128BAF0E}.Release|Any CPU.Build.0 = Release|Any CPU
		{036926AC-D20F-44B9-ADD3-A0324B86931E}.Debug|Any CPU.ActiveCfg = Debug|Any CPU
		{036926AC-D20F-44B9-ADD3-A0324B86931E}.Debug|Any CPU.Build.0 = Debug|Any CPU
		{036926AC-D20F-44B9-ADD3-A0324B86931E}.Release|Any CPU.ActiveCfg = Release|Any CPU
		{036926AC-D20F-44B9-ADD3-A0324B86931E}.Release|Any CPU.Build.0 = Release|Any CPU
		{882A1A91-A70F-416B-AB20-21A93A869292}.Debug|Any CPU.ActiveCfg = Debug|Any CPU
		{882A1A91-A70F-416B-AB20-21A93A869292}.Debug|Any CPU.Build.0 = Debug|Any CPU
		{882A1A91-A70F-416B-AB20-21A93A869292}.Release|Any CPU.ActiveCfg = Release|Any CPU
		{882A1A91-A70F-416B-AB20-21A93A869292}.Release|Any CPU.Build.0 = Release|Any CPU
		{B56030F0-513C-4673-816B-CBB4E0DA1B4E}.Debug|Any CPU.ActiveCfg = Debug|Any CPU
		{B56030F0-513C-4673-816B-CBB4E0DA1B4E}.Debug|Any CPU.Build.0 = Debug|Any CPU
		{B56030F0-513C-4673-816B-CBB4E0DA1B4E}.Release|Any CPU.ActiveCfg = Release|Any CPU
		{B56030F0-513C-4673-816B-CBB4E0DA1B4E}.Release|Any CPU.Build.0 = Release|Any CPU
		{5FF442B8-071E-4459-8BFC-AEE46690F191}.Debug|Any CPU.ActiveCfg = Debug|Any CPU
		{5FF442B8-071E-4459-8BFC-AEE46690F191}.Debug|Any CPU.Build.0 = Debug|Any CPU
		{5FF442B8-071E-4459-8BFC-AEE46690F191}.Release|Any CPU.ActiveCfg = Release|Any CPU
		{5FF442B8-071E-4459-8BFC-AEE46690F191}.Release|Any CPU.Build.0 = Release|Any CPU
		{3C4D4727-B6F3-41EA-802A-3FF6D94E2CCF}.Debug|Any CPU.ActiveCfg = Debug|Any CPU
		{3C4D4727-B6F3-41EA-802A-3FF6D94E2CCF}.Debug|Any CPU.Build.0 = Debug|Any CPU
		{3C4D4727-B6F3-41EA-802A-3FF6D94E2CCF}.Release|Any CPU.ActiveCfg = Release|Any CPU
		{3C4D4727-B6F3-41EA-802A-3FF6D94E2CCF}.Release|Any CPU.Build.0 = Release|Any CPU
		{FB8E4F1F-BBBB-4C5C-9C37-78A603C103C6}.Debug|Any CPU.ActiveCfg = Debug|Any CPU
		{FB8E4F1F-BBBB-4C5C-9C37-78A603C103C6}.Debug|Any CPU.Build.0 = Debug|Any CPU
		{FB8E4F1F-BBBB-4C5C-9C37-78A603C103C6}.Release|Any CPU.ActiveCfg = Release|Any CPU
		{FB8E4F1F-BBBB-4C5C-9C37-78A603C103C6}.Release|Any CPU.Build.0 = Release|Any CPU
		{F9F4E4E8-7423-4ECE-AA3D-712F7995044D}.Debug|Any CPU.ActiveCfg = Debug|Any CPU
		{F9F4E4E8-7423-4ECE-AA3D-712F7995044D}.Debug|Any CPU.Build.0 = Debug|Any CPU
		{F9F4E4E8-7423-4ECE-AA3D-712F7995044D}.Release|Any CPU.ActiveCfg = Release|Any CPU
		{F9F4E4E8-7423-4ECE-AA3D-712F7995044D}.Release|Any CPU.Build.0 = Release|Any CPU
		{95DBECBD-9DD0-4180-9CA5-7EC3C5EE9183}.Debug|Any CPU.ActiveCfg = Debug|Any CPU
		{95DBECBD-9DD0-4180-9CA5-7EC3C5EE9183}.Debug|Any CPU.Build.0 = Debug|Any CPU
		{95DBECBD-9DD0-4180-9CA5-7EC3C5EE9183}.Release|Any CPU.ActiveCfg = Release|Any CPU
		{95DBECBD-9DD0-4180-9CA5-7EC3C5EE9183}.Release|Any CPU.Build.0 = Release|Any CPU
		{A9147F3B-5ECB-4C19-BF63-C44E39DA7A62}.Debug|Any CPU.ActiveCfg = Debug|Any CPU
		{A9147F3B-5ECB-4C19-BF63-C44E39DA7A62}.Debug|Any CPU.Build.0 = Debug|Any CPU
		{A9147F3B-5ECB-4C19-BF63-C44E39DA7A62}.Release|Any CPU.ActiveCfg = Release|Any CPU
		{A9147F3B-5ECB-4C19-BF63-C44E39DA7A62}.Release|Any CPU.Build.0 = Release|Any CPU
		{33F32E03-BC20-4C28-9EEA-A3EF17C0C2F8}.Debug|Any CPU.ActiveCfg = Debug|Any CPU
		{33F32E03-BC20-4C28-9EEA-A3EF17C0C2F8}.Debug|Any CPU.Build.0 = Debug|Any CPU
		{33F32E03-BC20-4C28-9EEA-A3EF17C0C2F8}.Release|Any CPU.ActiveCfg = Release|Any CPU
		{33F32E03-BC20-4C28-9EEA-A3EF17C0C2F8}.Release|Any CPU.Build.0 = Release|Any CPU
		{FDD56B7C-372F-4273-9C2A-21B46EA9768C}.Debug|Any CPU.ActiveCfg = Debug|Any CPU
		{FDD56B7C-372F-4273-9C2A-21B46EA9768C}.Debug|Any CPU.Build.0 = Debug|Any CPU
		{FDD56B7C-372F-4273-9C2A-21B46EA9768C}.Release|Any CPU.ActiveCfg = Release|Any CPU
		{FDD56B7C-372F-4273-9C2A-21B46EA9768C}.Release|Any CPU.Build.0 = Release|Any CPU
		{CAA6E85A-AC3B-468E-8EBF-F03795CB05B8}.Debug|Any CPU.ActiveCfg = Debug|Any CPU
		{CAA6E85A-AC3B-468E-8EBF-F03795CB05B8}.Debug|Any CPU.Build.0 = Debug|Any CPU
		{CAA6E85A-AC3B-468E-8EBF-F03795CB05B8}.Release|Any CPU.ActiveCfg = Release|Any CPU
		{CAA6E85A-AC3B-468E-8EBF-F03795CB05B8}.Release|Any CPU.Build.0 = Release|Any CPU
		{42067A2F-BDA9-4A52-B590-4E0CA984E0A7}.Debug|Any CPU.ActiveCfg = Debug|Any CPU
		{42067A2F-BDA9-4A52-B590-4E0CA984E0A7}.Debug|Any CPU.Build.0 = Debug|Any CPU
		{42067A2F-BDA9-4A52-B590-4E0CA984E0A7}.Release|Any CPU.ActiveCfg = Release|Any CPU
		{42067A2F-BDA9-4A52-B590-4E0CA984E0A7}.Release|Any CPU.Build.0 = Release|Any CPU
		{5ADBB654-14B0-4363-820F-645D633BB89A}.Debug|Any CPU.ActiveCfg = Debug|Any CPU
		{5ADBB654-14B0-4363-820F-645D633BB89A}.Debug|Any CPU.Build.0 = Debug|Any CPU
		{5ADBB654-14B0-4363-820F-645D633BB89A}.Release|Any CPU.ActiveCfg = Release|Any CPU
		{5ADBB654-14B0-4363-820F-645D633BB89A}.Release|Any CPU.Build.0 = Release|Any CPU
	EndGlobalSection
	GlobalSection(SolutionProperties) = preSolution
		HideSolutionNode = FALSE
	EndGlobalSection
	GlobalSection(NestedProjects) = preSolution
		{C6C475E1-6F81-4C97-979E-F33C6FAD3CF6} = {02EA681E-C7D8-13C7-8484-4AC65E1B71E8}
		{1515C62C-AE5C-42C8-B9E9-C7E86F89644C} = {02EA681E-C7D8-13C7-8484-4AC65E1B71E8}
		{66FEF254-DEDE-4521-948A-6C0B63932531} = {02EA681E-C7D8-13C7-8484-4AC65E1B71E8}
		{26226698-AD69-44C0-9DA2-1C75128BAF0E} = {6CAB492D-2CE4-46F1-A94C-0221C48505EB}
		{036926AC-D20F-44B9-ADD3-A0324B86931E} = {6CAB492D-2CE4-46F1-A94C-0221C48505EB}
		{882A1A91-A70F-416B-AB20-21A93A869292} = {6CAB492D-2CE4-46F1-A94C-0221C48505EB}
		{B56030F0-513C-4673-816B-CBB4E0DA1B4E} = {95FF07EA-A308-4F2F-BF10-DFD7022F665A}
		{5FF442B8-071E-4459-8BFC-AEE46690F191} = {95FF07EA-A308-4F2F-BF10-DFD7022F665A}
		{3C4D4727-B6F3-41EA-802A-3FF6D94E2CCF} = {95FF07EA-A308-4F2F-BF10-DFD7022F665A}
		{FB8E4F1F-BBBB-4C5C-9C37-78A603C103C6} = {75CE7856-B038-4977-874D-307214DFD7FA}
		{F9F4E4E8-7423-4ECE-AA3D-712F7995044D} = {75CE7856-B038-4977-874D-307214DFD7FA}
		{95DBECBD-9DD0-4180-9CA5-7EC3C5EE9183} = {75CE7856-B038-4977-874D-307214DFD7FA}
		{A9147F3B-5ECB-4C19-BF63-C44E39DA7A62} = {635F628D-4A01-4E30-BB5B-BDB0EE0B9B08}
		{33F32E03-BC20-4C28-9EEA-A3EF17C0C2F8} = {635F628D-4A01-4E30-BB5B-BDB0EE0B9B08}
		{FDD56B7C-372F-4273-9C2A-21B46EA9768C} = {635F628D-4A01-4E30-BB5B-BDB0EE0B9B08}
		{CAA6E85A-AC3B-468E-8EBF-F03795CB05B8} = {45AAE8C3-0343-476A-ABE9-78E6B40FC73A}
		{42067A2F-BDA9-4A52-B590-4E0CA984E0A7} = {45AAE8C3-0343-476A-ABE9-78E6B40FC73A}
		{5ADBB654-14B0-4363-820F-645D633BB89A} = {45AAE8C3-0343-476A-ABE9-78E6B40FC73A}
	EndGlobalSection
	GlobalSection(ExtensibilityGlobals) = postSolution
		SolutionGuid = {39BC3F87-1F4E-44A2-A460-919871BD94AB}
	EndGlobalSection
EndGlobal
